// !$*UTF8*$!
{
	archiveVersion = 1;
	classes = {
	};
	objectVersion = 46;
	objects = {

/* Begin PBXBuildFile section */
		D4857A241D00A34B00E321DC /* main.m in Sources */ = {isa = PBXBuildFile; fileRef = D4857A231D00A34B00E321DC /* main.m */; };
		D4857A271D00A34B00E321DC /* AppDelegate.m in Sources */ = {isa = PBXBuildFile; fileRef = D4857A261D00A34B00E321DC /* AppDelegate.m */; };
		D4857A2D1D00A34B00E321DC /* Main.storyboard in Resources */ = {isa = PBXBuildFile; fileRef = D4857A2B1D00A34B00E321DC /* Main.storyboard */; };
		D4857A2F1D00A34B00E321DC /* Assets.xcassets in Resources */ = {isa = PBXBuildFile; fileRef = D4857A2E1D00A34B00E321DC /* Assets.xcassets */; };
		D4857A321D00A34B00E321DC /* LaunchScreen.storyboard in Resources */ = {isa = PBXBuildFile; fileRef = D4857A301D00A34B00E321DC /* LaunchScreen.storyboard */; };
		D4857A3B1D00A5ED00E321DC /* GameCollectionViewController.m in Sources */ = {isa = PBXBuildFile; fileRef = D4857A3A1D00A5ED00E321DC /* GameCollectionViewController.m */; };
/* End PBXBuildFile section */

/* Begin PBXFileReference section */
		D4857A1F1D00A34B00E321DC /* WordSearch.app */ = {isa = PBXFileReference; explicitFileType = wrapper.application; includeInIndex = 0; path = WordSearch.app; sourceTree = BUILT_PRODUCTS_DIR; };
		D4857A231D00A34B00E321DC /* main.m */ = {isa = PBXFileReference; lastKnownFileType = sourcecode.c.objc; path = main.m; sourceTree = "<group>"; };
		D4857A251D00A34B00E321DC /* AppDelegate.h */ = {isa = PBXFileReference; lastKnownFileType = sourcecode.c.h; path = AppDelegate.h; sourceTree = "<group>"; };
		D4857A261D00A34B00E321DC /* AppDelegate.m */ = {isa = PBXFileReference; lastKnownFileType = sourcecode.c.objc; path = AppDelegate.m; sourceTree = "<group>"; };
		D4857A2C1D00A34B00E321DC /* Base */ = {isa = PBXFileReference; lastKnownFileType = file.storyboard; name = Base; path = Base.lproj/Main.storyboard; sourceTree = "<group>"; };
		D4857A2E1D00A34B00E321DC /* Assets.xcassets */ = {isa = PBXFileReference; lastKnownFileType = folder.assetcatalog; path = Assets.xcassets; sourceTree = "<group>"; };
		D4857A311D00A34B00E321DC /* Base */ = {isa = PBXFileReference; lastKnownFileType = file.storyboard; name = Base; path = Base.lproj/LaunchScreen.storyboard; sourceTree = "<group>"; };
		D4857A331D00A34B00E321DC /* Info.plist */ = {isa = PBXFileReference; lastKnownFileType = text.plist.xml; path = Info.plist; sourceTree = "<group>"; };
		D4857A391D00A5ED00E321DC /* GameCollectionViewController.h */ = {isa = PBXFileReference; fileEncoding = 4; lastKnownFileType = sourcecode.c.h; path = GameCollectionViewController.h; sourceTree = "<group>"; };
		D4857A3A1D00A5ED00E321DC /* GameCollectionViewController.m */ = {isa = PBXFileReference; fileEncoding = 4; lastKnownFileType = sourcecode.c.objc; path = GameCollectionViewController.m; sourceTree = "<group>"; };
/* End PBXFileReference section */

/* Begin PBXFrameworksBuildPhase section */
		D4857A1C1D00A34B00E321DC /* Frameworks */ = {
			isa = PBXFrameworksBuildPhase;
			buildActionMask = 2147483647;
			files = (
			);
			runOnlyForDeploymentPostprocessing = 0;
		};
/* End PBXFrameworksBuildPhase section */

/* Begin PBXGroup section */
		D4857A161D00A34B00E321DC = {
			isa = PBXGroup;
			children = (
				D4857A391D00A5ED00E321DC /* GameCollectionViewController.h */,
				D4857A3A1D00A5ED00E321DC /* GameCollectionViewController.m */,
				D4857A211D00A34B00E321DC /* WordSearch */,
				D4857A201D00A34B00E321DC /* Products */,
			);
			sourceTree = "<group>";
		};
		D4857A201D00A34B00E321DC /* Products */ = {
			isa = PBXGroup;
			children = (
				D4857A1F1D00A34B00E321DC /* WordSearch.app */,
			);
			name = Products;
			sourceTree = "<group>";
		};
		D4857A211D00A34B00E321DC /* WordSearch */ = {
			isa = PBXGroup;
			children = (
				D4857A251D00A34B00E321DC /* AppDelegate.h */,
				D4857A261D00A34B00E321DC /* AppDelegate.m */,
				D4857A2B1D00A34B00E321DC /* Main.storyboard */,
				D4857A2E1D00A34B00E321DC /* Assets.xcassets */,
				D4857A301D00A34B00E321DC /* LaunchScreen.storyboard */,
				D4857A331D00A34B00E321DC /* Info.plist */,
				D4857A221D00A34B00E321DC /* Supporting Files */,
			);
			path = WordSearch;
			sourceTree = "<group>";
		};
		D4857A221D00A34B00E321DC /* Supporting Files */ = {
			isa = PBXGroup;
			children = (
				D4857A231D00A34B00E321DC /* main.m */,
			);
			name = "Supporting Files";
			sourceTree = "<group>";
		};
/* End PBXGroup section */

/* Begin PBXNativeTarget section */
		D4857A1E1D00A34B00E321DC /* WordSearch */ = {
			isa = PBXNativeTarget;
			buildConfigurationList = D4857A361D00A34B00E321DC /* Build configuration list for PBXNativeTarget "WordSearch" */;
			buildPhases = (
				D4857A1B1D00A34B00E321DC /* Sources */,
				D4857A1C1D00A34B00E321DC /* Frameworks */,
				D4857A1D1D00A34B00E321DC /* Resources */,
			);
			buildRules = (
			);
			dependencies = (
			);
			name = WordSearch;
			productName = WordSearch;
			productReference = D4857A1F1D00A34B00E321DC /* WordSearch.app */;
			productType = "com.apple.product-type.application";
		};
/* End PBXNativeTarget section */

/* Begin PBXProject section */
		D4857A171D00A34B00E321DC /* Project object */ = {
			isa = PBXProject;
			attributes = {
				LastUpgradeCheck = 0730;
				ORGANIZATIONNAME = DetroitLabs;
				TargetAttributes = {
					D4857A1E1D00A34B00E321DC = {
						CreatedOnToolsVersion = 7.3.1;
						DevelopmentTeam = 39492NM82N;
					};
				};
			};
			buildConfigurationList = D4857A1A1D00A34B00E321DC /* Build configuration list for PBXProject "WordSearch" */;
			compatibilityVersion = "Xcode 3.2";
			developmentRegion = English;
			hasScannedForEncodings = 0;
			knownRegions = (
				en,
				Base,
			);
			mainGroup = D4857A161D00A34B00E321DC;
			productRefGroup = D4857A201D00A34B00E321DC /* Products */;
			projectDirPath = "";
			projectRoot = "";
			targets = (
				D4857A1E1D00A34B00E321DC /* WordSearch */,
			);
		};
/* End PBXProject section */

/* Begin PBXResourcesBuildPhase section */
		D4857A1D1D00A34B00E321DC /* Resources */ = {
			isa = PBXResourcesBuildPhase;
			buildActionMask = 2147483647;
			files = (
				D4857A321D00A34B00E321DC /* LaunchScreen.storyboard in Resources */,
				D4857A2F1D00A34B00E321DC /* Assets.xcassets in Resources */,
				D4857A2D1D00A34B00E321DC /* Main.storyboard in Resources */,
			);
			runOnlyForDeploymentPostprocessing = 0;
		};
/* End PBXResourcesBuildPhase section */

/* Begin PBXSourcesBuildPhase section */
		D4857A1B1D00A34B00E321DC /* Sources */ = {
			isa = PBXSourcesBuildPhase;
			buildActionMask = 2147483647;
			files = (
				D4857A3B1D00A5ED00E321DC /* GameCollectionViewController.m in Sources */,
				D4857A271D00A34B00E321DC /* AppDelegate.m in Sources */,
				D4857A241D00A34B00E321DC /* main.m in Sources */,
			);
			runOnlyForDeploymentPostprocessing = 0;
		};
/* End PBXSourcesBuildPhase section */

/* Begin PBXVariantGroup section */
		D4857A2B1D00A34B00E321DC /* Main.storyboard */ = {
			isa = PBXVariantGroup;
			children = (
				D4857A2C1D00A34B00E321DC /* Base */,
			);
			name = Main.storyboard;
			sourceTree = "<group>";
		};
		D4857A301D00A34B00E321DC /* LaunchScreen.storyboard */ = {
			isa = PBXVariantGroup;
			children = (
				D4857A311D00A34B00E321DC /* Base */,
			);
			name = LaunchScreen.storyboard;
			sourceTree = "<group>";
		};
/* End PBXVariantGroup section */

/* Begin XCBuildConfiguration section */
		D4857A341D00A34B00E321DC /* Debug */ = {
			isa = XCBuildConfiguration;
			buildSettings = {
				ALWAYS_SEARCH_USER_PATHS = NO;
				CLANG_ANALYZER_NONNULL = YES;
				CLANG_CXX_LANGUAGE_STANDARD = "gnu++0x";
				CLANG_CXX_LIBRARY = "libc++";
				CLANG_ENABLE_MODULES = YES;
				CLANG_ENABLE_OBJC_ARC = YES;
				CLANG_WARN_BOOL_CONVERSION = YES;
				CLANG_WARN_CONSTANT_CONVERSION = YES;
				CLANG_WARN_DIRECT_OBJC_ISA_USAGE = YES_ERROR;
				CLANG_WARN_EMPTY_BODY = YES;
				CLANG_WARN_ENUM_CONVERSION = YES;
				CLANG_WARN_INT_CONVERSION = YES;
				CLANG_WARN_OBJC_ROOT_CLASS = YES_ERROR;
				CLANG_WARN_UNREACHABLE_CODE = YES;
				CLANG_WARN__DUPLICATE_METHOD_MATCH = YES;
				"CODE_SIGN_IDENTITY[sdk=iphoneos*]" = "iPhone Developer";
				COPY_PHASE_STRIP = NO;
				DEBUG_INFORMATION_FORMAT = dwarf;
				ENABLE_STRICT_OBJC_MSGSEND = YES;
				ENABLE_TESTABILITY = YES;
				GCC_C_LANGUAGE_STANDARD = gnu99;
				GCC_DYNAMIC_NO_PIC = NO;
				GCC_NO_COMMON_BLOCKS = YES;
				GCC_OPTIMIZATION_LEVEL = 0;
				GCC_PREPROCESSOR_DEFINITIONS = (
					"DEBUG=1",
					"$(inherited)",
				);
				GCC_WARN_64_TO_32_BIT_CONVERSION = YES;
				GCC_WARN_ABOUT_RETURN_TYPE = YES_ERROR;
				GCC_WARN_UNDECLARED_SELECTOR = YES;
				GCC_WARN_UNINITIALIZED_AUTOS = YES_AGGRESSIVE;
				GCC_WARN_UNUSED_FUNCTION = YES;
				GCC_WARN_UNUSED_VARIABLE = YES;
				IPHONEOS_DEPLOYMENT_TARGET = 9.3;
				MTL_ENABLE_DEBUG_INFO = YES;
				ONLY_ACTIVE_ARCH = YES;
				SDKROOT = iphoneos;
			};
			name = Debug;
		};
		D4857A351D00A34B00E321DC /* Release */ = {
			isa = XCBuildConfiguration;
			buildSettings = {
				ALWAYS_SEARCH_USER_PATHS = NO;
				CLANG_ANALYZER_NONNULL = YES;
				CLANG_CXX_LANGUAGE_STANDARD = "gnu++0x";
				CLANG_CXX_LIBRARY = "libc++";
				CLANG_ENABLE_MODULES = YES;
				CLANG_ENABLE_OBJC_ARC = YES;
				CLANG_WARN_BOOL_CONVERSION = YES;
				CLANG_WARN_CONSTANT_CONVERSION = YES;
				CLANG_WARN_DIRECT_OBJC_ISA_USAGE = YES_ERROR;
				CLANG_WARN_EMPTY_BODY = YES;
				CLANG_WARN_ENUM_CONVERSION = YES;
				CLANG_WARN_INT_CONVERSION = YES;
				CLANG_WARN_OBJC_ROOT_CLASS = YES_ERROR;
				CLANG_WARN_UNREACHABLE_CODE = YES;
				CLANG_WARN__DUPLICATE_METHOD_MATCH = YES;
				"CODE_SIGN_IDENTITY[sdk=iphoneos*]" = "iPhone Developer";
				COPY_PHASE_STRIP = NO;
				DEBUG_INFORMATION_FORMAT = "dwarf-with-dsym";
				ENABLE_NS_ASSERTIONS = NO;
				ENABLE_STRICT_OBJC_MSGSEND = YES;
				GCC_C_LANGUAGE_STANDARD = gnu99;
				GCC_NO_COMMON_BLOCKS = YES;
				GCC_WARN_64_TO_32_BIT_CONVERSION = YES;
				GCC_WARN_ABOUT_RETURN_TYPE = YES_ERROR;
				GCC_WARN_UNDECLARED_SELECTOR = YES;
				GCC_WARN_UNINITIALIZED_AUTOS = YES_AGGRESSIVE;
				GCC_WARN_UNUSED_FUNCTION = YES;
				GCC_WARN_UNUSED_VARIABLE = YES;
				IPHONEOS_DEPLOYMENT_TARGET = 9.3;
				MTL_ENABLE_DEBUG_INFO = NO;
				SDKROOT = iphoneos;
				VALIDATE_PRODUCT = YES;
			};
			name = Release;
		};
		D4857A371D00A34B00E321DC /* Debug */ = {
			isa = XCBuildConfiguration;
			buildSettings = {
				ASSETCATALOG_COMPILER_APPICON_NAME = AppIcon;
				INFOPLIST_FILE = WordSearch/Info.plist;
				LD_RUNPATH_SEARCH_PATHS = "$(inherited) @executable_path/Frameworks";
				PRODUCT_BUNDLE_IDENTIFIER = com.detroitlabs.WordSearch;
				PRODUCT_NAME = "$(TARGET_NAME)";
			};
			name = Debug;
		};
		D4857A381D00A34B00E321DC /* Release */ = {
			isa = XCBuildConfiguration;
			buildSettings = {
				ASSETCATALOG_COMPILER_APPICON_NAME = AppIcon;
				INFOPLIST_FILE = WordSearch/Info.plist;
				LD_RUNPATH_SEARCH_PATHS = "$(inherited) @executable_path/Frameworks";
				PRODUCT_BUNDLE_IDENTIFIER = com.detroitlabs.WordSearch;
				PRODUCT_NAME = "$(TARGET_NAME)";
			};
			name = Release;
		};
/* End XCBuildConfiguration section */

/* Begin XCConfigurationList section */
		D4857A1A1D00A34B00E321DC /* Build configuration list for PBXProject "WordSearch" */ = {
			isa = XCConfigurationList;
			buildConfigurations = (
				D4857A341D00A34B00E321DC /* Debug */,
				D4857A351D00A34B00E321DC /* Release */,
			);
			defaultConfigurationIsVisible = 0;
			defaultConfigurationName = Release;
		};
		D4857A361D00A34B00E321DC /* Build configuration list for PBXNativeTarget "WordSearch" */ = {
			isa = XCConfigurationList;
			buildConfigurations = (
				D4857A371D00A34B00E321DC /* Debug */,
				D4857A381D00A34B00E321DC /* Release */,
			);
			defaultConfigurationIsVisible = 0;
		};
/* End XCConfigurationList section */
	};
	rootObject = D4857A171D00A34B00E321DC /* Project object */;
}
